# QUÊTE DE TEST MANUEL — ne jamais copier telle quelle dans une procédure de
# production VeryGames permanente. Voir docs/MANUAL_TEST_PLAN.md, section
# « Pack de quêtes de test manuel » pour la procédure d'activation/retrait.
id: rpgquest:test_place_block
title: "<red>[TEST] Poser des blocs</red>"
description: "<gray>Quête de test manuel — objectif PLACE_BLOCK. Pose 3 blocs de terre.</gray>"
category: test
icon: DIRT
repeatable: true

steps:
  - id: place_dirt
    objectives:
      - type: PLACE_BLOCK
        material: DIRT
        amount: 3

rewards:
  - type: EXPERIENCE
    amount: 5
